Microsoft Visual Studio Solution File, Format Version 12.00
# Visual Studio Version 17
VisualStudioVersion = 17.5.2.0
MinimumVisualStudioVersion = 10.0.40219.1
Project("{FAE04EC0-301F-11D3-BF4B-00C04F79EFBC}") = "SseExampleGame", "SseExampleGame\SseExampleGame.csproj", "{D7C8E637-5DE6-89DF-56EC-391ACD0F735D}"
EndProject
Global
	GlobalSection(SolutionConfigurationPlatforms) = preSolution
		Debug|Any CPU = Debug|Any CPU
		Release|Any CPU = Release|Any CPU
	EndGlobalSection
	GlobalSection(ProjectConfigurationPlatforms) = postSolution
		{D7C8E637-5DE6-89DF-56EC-391ACD0F735D}.Debug|Any CPU.ActiveCfg = Debug|Any CPU
		{D7C8E637-5DE6-89DF-56EC-391ACD0F735D}.Debug|Any CPU.Build.0 = Debug|Any CPU
		{D7C8E637-5DE6-89DF-56EC-391ACD0F735D}.Release|Any CPU.ActiveCfg = Release|Any CPU
		{D7C8E637-5DE6-89DF-56EC-391ACD0F735D}.Release|Any CPU.Build.0 = Release|Any CPU
	EndGlobalSection
	GlobalSection(SolutionProperties) = preSolution
		HideSolutionNode = FALSE
	EndGlobalSection
	GlobalSection(ExtensibilityGlobals) = postSolution
		SolutionGuid = {9BA9D35E-CABF-4F7B-A984-EB68A8EF31E8}
	EndGlobalSection
EndGlobal
